
Microsoft Visual Studio Solution File, Format Version 12.00
Project("{FAE04EC0-301F-11D3-BF4B-00C04F79EFBC}") = "ScooterService", "ScooterService\ScooterService.csproj", "{06C1C30B-E725-4FE5-9CA0-129AD0241E51}"
EndProject
Project("{FAE04EC0-301F-11D3-BF4B-00C04F79EFBC}") = "ScooterDataAccess", "ScooterDataAccess\ScooterDataAccess.csproj", "{5F62C251-AAAB-4A96-B96F-AA460C8A212D}"
EndProject
Project("{FAE04EC0-301F-11D3-BF4B-00C04F79EFBC}") = "BL", "BL\BL.csproj", "{A8FA695B-88E3-4C59-B631-27F3DEE2ABEE}"
EndProject
Global
	GlobalSection(SolutionConfigurationPlatforms) = preSolution
		Debug|Any CPU = Debug|Any CPU
		Release|Any CPU = Release|Any CPU
	EndGlobalSection
	GlobalSection(ProjectConfigurationPlatforms) = postSolution
		{06C1C30B-E725-4FE5-9CA0-129AD0241E51}.Debug|Any CPU.ActiveCfg = Debug|Any CPU
		{06C1C30B-E725-4FE5-9CA0-129AD0241E51}.Debug|Any CPU.Build.0 = Debug|Any CPU
		{06C1C30B-E725-4FE5-9CA0-129AD0241E51}.Release|Any CPU.ActiveCfg = Release|Any CPU
		{06C1C30B-E725-4FE5-9CA0-129AD0241E51}.Release|Any CPU.Build.0 = Release|Any CPU
		{5F62C251-AAAB-4A96-B96F-AA460C8A212D}.Debug|Any CPU.ActiveCfg = Debug|Any CPU
		{5F62C251-AAAB-4A96-B96F-AA460C8A212D}.Debug|Any CPU.Build.0 = Debug|Any CPU
		{5F62C251-AAAB-4A96-B96F-AA460C8A212D}.Release|Any CPU.ActiveCfg = Release|Any CPU
		{5F62C251-AAAB-4A96-B96F-AA460C8A212D}.Release|Any CPU.Build.0 = Release|Any CPU
		{A8FA695B-88E3-4C59-B631-27F3DEE2ABEE}.Debug|Any CPU.ActiveCfg = Debug|Any CPU
		{A8FA695B-88E3-4C59-B631-27F3DEE2ABEE}.Debug|Any CPU.Build.0 = Debug|Any CPU
		{A8FA695B-88E3-4C59-B631-27F3DEE2ABEE}.Release|Any CPU.ActiveCfg = Release|Any CPU
		{A8FA695B-88E3-4C59-B631-27F3DEE2ABEE}.Release|Any CPU.Build.0 = Release|Any CPU
	EndGlobalSection
EndGlobal
